
Microsoft Visual Studio Solution File, Format Version 12.00
# Visual Studio Version 17
VisualStudioVersion = 17.4.33205.214
MinimumVisualStudioVersion = 10.0.40219.1
Project("{9A19103F-16F7-4668-BE54-9A1E7A4F7556}") = "MoreBackgrounds", "MoreBackgrounds.csproj", "{7507142E-FBCE-4D81-AA94-24326F3B721F}"
EndProject
Global
	GlobalSection(SolutionConfigurationPlatforms) = preSolution
		Debug|Any CPU = Debug|Any CPU
		Release|Any CPU = Release|Any CPU
	EndGlobalSection
	GlobalSection(ProjectConfigurationPlatforms) = postSolution
		{7507142E-FBCE-4D81-AA94-24326F3B721F}.Debug|Any CPU.ActiveCfg = Debug|Any CPU
		{7507142E-FBCE-4D81-AA94-24326F3B721F}.Debug|Any CPU.Build.0 = Debug|Any CPU
		{7507142E-FBCE-4D81-AA94-24326F3B721F}.Release|Any CPU.ActiveCfg = Release|Any CPU
		{7507142E-FBCE-4D81-AA94-24326F3B721F}.Release|Any CPU.Build.0 = Release|Any CPU
	EndGlobalSection
	GlobalSection(SolutionProperties) = preSolution
		HideSolutionNode = FALSE
	EndGlobalSection
	GlobalSection(ExtensibilityGlobals) = postSolution
		SolutionGuid = {448A3229-B56C-423A-B06E-C793C2FE7AA8}
	EndGlobalSection
EndGlobal
